lockfileVersion: '6.0'

settings:
  autoInstallPeers: true
  excludeLinksFromLockfile: false

dependencies:
  core-js:
    specifier: ^3.33.3
    version: 3.33.3

packages:

  /core-js@3.33.3:
    resolution: {integrity: sha512-lo0kOocUlLKmm6kv/FswQL8zbkH7mVsLJ/FULClOhv8WRVmKLVcs6XPNQAzstfeJTCHMyButEwG+z1kHxHoDZw==}
    requiresBuild: true
    dev: false
